
Microsoft Visual Studio Solution File, Format Version 12.00
# Visual Studio Version 17
VisualStudioVersion = 17.10.35027.167
MinimumVisualStudioVersion = 10.0.40219.1
Project("{FAE04EC0-301F-11D3-BF4B-00C04F79EFBC}") = "quickkart", "quickkart.csproj", "{56E8FFEC-38F1-4008-8EDE-A972D2570325}"
EndProject
Global
	GlobalSection(SolutionConfigurationPlatforms) = preSolution
		Debug|Any CPU = Debug|Any CPU
		Release|Any CPU = Release|Any CPU
	EndGlobalSection
	GlobalSection(ProjectConfigurationPlatforms) = postSolution
		{56E8FFEC-38F1-4008-8EDE-A972D2570325}.Debug|Any CPU.ActiveCfg = Debug|Any CPU
		{56E8FFEC-38F1-4008-8EDE-A972D2570325}.Debug|Any CPU.Build.0 = Debug|Any CPU
		{56E8FFEC-38F1-4008-8EDE-A972D2570325}.Release|Any CPU.ActiveCfg = Release|Any CPU
		{56E8FFEC-38F1-4008-8EDE-A972D2570325}.Release|Any CPU.Build.0 = Release|Any CPU
	EndGlobalSection
	GlobalSection(SolutionProperties) = preSolution
		HideSolutionNode = FALSE
	EndGlobalSection
	GlobalSection(ExtensibilityGlobals) = postSolution
		SolutionGuid = {097D911A-786E-479F-AEA8-6A6FFA47C91B}
	EndGlobalSection
EndGlobal
